{
  "name": "ContextWizard",
  "lockfileVersion": 3,
  "requires": true,
  "packages": {
    "": {
      "dependencies": {
        "@perplexity-ai/perplexity_ai": "^0.16.0"
      }
    },
    "node_modules/@perplexity-ai/perplexity_ai": {
      "version": "0.16.0",
      "resolved": "https://registry.npmjs.org/@perplexity-ai/perplexity_ai/-/perplexity_ai-0.16.0.tgz",
      "integrity": "sha512-VF6UHAhYl9MyPtvmsz7QmXCWZTj0RbixdMDYPxIAzqsD42saN/Tsie5qdsjJ+/c5JQiweh9CdBlhl5Qq7ofhLA==",
      "license": "Apache-2.0"
    }
  }
}
